<?xml version="1.0" encoding="UTF-8"?>
<Scheme
   version = "1.3">
   <BuildAction>
      <BuildActionEntries>
         <BuildActionEntry
            buildForRunning = "YES">
            <BuildableReference
               BuildableIdentifier = "primary"
               BlueprintIdentifier = "61BD0BDE1A30DBCC008B5EC2"
               BuildableName = "MKPaginationTableViewDemo.app"
               BlueprintName = "MKPaginationTableViewDemo"
               ReferencedContainer = "container:MKPaginationTableViewDemo.xcodeproj">
            </BuildableReference>
         </BuildActionEntry>
      </BuildActionEntries>
   </BuildAction>
   <LaunchAction
      useCustomWorkingDirectory = "NO"
      buildConfiguration = "Debug">
      <BuildableProductRunnable>
         <BuildableReference
            BuildableIdentifier = "primary"
            BlueprintIdentifier = "61BD0BDE1A30DBCC008B5EC2"
            BuildableName = "MKPaginationTableViewDemo.app"
            BlueprintName = "MKPaginationTableViewDemo"
            ReferencedContainer = "container:MKPaginationTableViewDemo.xcodeproj">
         </BuildableReference>
      </BuildableProductRunnable>
   </LaunchAction>
</Scheme>
