// !$*UTF8*$!
{
	archiveVersion = 1;
	classes = {
	};
	objectVersion = 46;
	objects = {

/* Begin PBXBuildFile section */
		321FA3CD633D977A4A323974 /* MKPaginationTableViewModelTests.m in Sources */ = {isa = PBXBuildFile; fileRef = 321FA4E8534FF161A4B94B1B /* MKPaginationTableViewModelTests.m */; };
		6180A3E11B78B07C0053BB88 /* AppDelegate.m in Sources */ = {isa = PBXBuildFile; fileRef = 6180A3D21B78B07C0053BB88 /* AppDelegate.m */; };
		6180A3E21B78B07C0053BB88 /* LaunchScreen.xib in Resources */ = {isa = PBXBuildFile; fileRef = 6180A3D31B78B07C0053BB88 /* LaunchScreen.xib */; };
		6180A3E31B78B07C0053BB88 /* Main.storyboard in Resources */ = {isa = PBXBuildFile; fileRef = 6180A3D41B78B07C0053BB88 /* Main.storyboard */; };
		6180A3E41B78B07C0053BB88 /* MKPaginationTableViewModel.m in Sources */ = {isa = PBXBuildFile; fileRef = 6180A3D81B78B07C0053BB88 /* MKPaginationTableViewModel.m */; };
		6180A3E51B78B07C0053BB88 /* MKPaginationTableViewController.m in Sources */ = {isa = PBXBuildFile; fileRef = 6180A3DB1B78B07C0053BB88 /* MKPaginationTableViewController.m */; };
		6180A3E61B78B07C0053BB88 /* main.m in Sources */ = {isa = PBXBuildFile; fileRef = 6180A3DC1B78B07C0053BB88 /* main.m */; };
		6180A3E71B78B07C0053BB88 /* Images.xcassets in Resources */ = {isa = PBXBuildFile; fileRef = 6180A3DE1B78B07C0053BB88 /* Images.xcassets */; };
		6180A3E81B78B07C0053BB88 /* Info.plist in Resources */ = {isa = PBXBuildFile; fileRef = 6180A3E01B78B07C0053BB88 /* Info.plist */; };
		61BD0BFF1A30DBCC008B5EC2 /* MKPaginationTableViewDemoTests.m in Sources */ = {isa = PBXBuildFile; fileRef = 61BD0BFE1A30DBCC008B5EC2 /* MKPaginationTableViewDemoTests.m */; };
/* End PBXBuildFile section */

/* Begin PBXContainerItemProxy section */
		61BD0BF91A30DBCC008B5EC2 /* PBXContainerItemProxy */ = {
			isa = PBXContainerItemProxy;
			containerPortal = 61BD0BD71A30DBCC008B5EC2 /* Project object */;
			proxyType = 1;
			remoteGlobalIDString = 61BD0BDE1A30DBCC008B5EC2;
			remoteInfo = MKPaginationTableViewDemo;
		};
/* End PBXContainerItemProxy section */

/* Begin PBXFileReference section */
		321FA4E8534FF161A4B94B1B /* MKPaginationTableViewModelTests.m */ = {isa = PBXFileReference; fileEncoding = 4; lastKnownFileType = sourcecode.c.objc; path = MKPaginationTableViewModelTests.m; sourceTree = "<group>"; };
		6180A3D11B78B07C0053BB88 /* AppDelegate.h */ = {isa = PBXFileReference; fileEncoding = 4; lastKnownFileType = sourcecode.c.h; path = AppDelegate.h; sourceTree = "<group>"; };
		6180A3D21B78B07C0053BB88 /* AppDelegate.m */ = {isa = PBXFileReference; fileEncoding = 4; lastKnownFileType = sourcecode.c.objc; path = AppDelegate.m; sourceTree = "<group>"; };
		6180A3D31B78B07C0053BB88 /* LaunchScreen.xib */ = {isa = PBXFileReference; fileEncoding = 4; lastKnownFileType = file.xib; path = LaunchScreen.xib; sourceTree = "<group>"; };
		6180A3D41B78B07C0053BB88 /* Main.storyboard */ = {isa = PBXFileReference; fileEncoding = 4; lastKnownFileType = file.storyboard; path = Main.storyboard; sourceTree = "<group>"; };
		6180A3D71B78B07C0053BB88 /* MKPaginationTableViewModel.h */ = {isa = PBXFileReference; fileEncoding = 4; lastKnownFileType = sourcecode.c.h; path = MKPaginationTableViewModel.h; sourceTree = "<group>"; };
		6180A3D81B78B07C0053BB88 /* MKPaginationTableViewModel.m */ = {isa = PBXFileReference; fileEncoding = 4; lastKnownFileType = sourcecode.c.objc; path = MKPaginationTableViewModel.m; sourceTree = "<group>"; };
		6180A3DA1B78B07C0053BB88 /* MKPaginationTableViewController.h */ = {isa = PBXFileReference; fileEncoding = 4; lastKnownFileType = sourcecode.c.h; path = MKPaginationTableViewController.h; sourceTree = "<group>"; };
		6180A3DB1B78B07C0053BB88 /* MKPaginationTableViewController.m */ = {isa = PBXFileReference; fileEncoding = 4; lastKnownFileType = sourcecode.c.objc; path = MKPaginationTableViewController.m; sourceTree = "<group>"; };
		6180A3DC1B78B07C0053BB88 /* main.m */ = {isa = PBXFileReference; fileEncoding = 4; lastKnownFileType = sourcecode.c.objc; path = main.m; sourceTree = "<group>"; };
		6180A3DE1B78B07C0053BB88 /* Images.xcassets */ = {isa = PBXFileReference; lastKnownFileType = folder.assetcatalog; path = Images.xcassets; sourceTree = "<group>"; };
		6180A3E01B78B07C0053BB88 /* Info.plist */ = {isa = PBXFileReference; fileEncoding = 4; lastKnownFileType = text.plist.xml; path = Info.plist; sourceTree = "<group>"; };
		61BD0BDF1A30DBCC008B5EC2 /* MKPaginationTableViewDemo.app */ = {isa = PBXFileReference; explicitFileType = wrapper.application; includeInIndex = 0; path = MKPaginationTableViewDemo.app; sourceTree = BUILT_PRODUCTS_DIR; };
		61BD0BF81A30DBCC008B5EC2 /* MKPaginationTableViewDemoTests.xctest */ = {isa = PBXFileReference; explicitFileType = wrapper.cfbundle; includeInIndex = 0; path = MKPaginationTableViewDemoTests.xctest; sourceTree = BUILT_PRODUCTS_DIR; };
		61BD0BFD1A30DBCC008B5EC2 /* Info.plist */ = {isa = PBXFileReference; lastKnownFileType = text.plist.xml; path = Info.plist; sourceTree = "<group>"; };
		61BD0BFE1A30DBCC008B5EC2 /* MKPaginationTableViewDemoTests.m */ = {isa = PBXFileReference; lastKnownFileType = sourcecode.c.objc; path = MKPaginationTableViewDemoTests.m; sourceTree = "<group>"; };
/* End PBXFileReference section */

/* Begin PBXFrameworksBuildPhase section */
		61BD0BDC1A30DBCC008B5EC2 /* Frameworks */ = {
			isa = PBXFrameworksBuildPhase;
			buildActionMask = 2147483647;
			files = (
			);
			runOnlyForDeploymentPostprocessing = 0;
		};
		61BD0BF51A30DBCC008B5EC2 /* Frameworks */ = {
			isa = PBXFrameworksBuildPhase;
			buildActionMask = 2147483647;
			files = (
			);
			runOnlyForDeploymentPostprocessing = 0;
		};
/* End PBXFrameworksBuildPhase section */

/* Begin PBXGroup section */
		6180A3D01B78B07C0053BB88 /* Classes */ = {
			isa = PBXGroup;
			children = (
				6180A3D11B78B07C0053BB88 /* AppDelegate.h */,
				6180A3D21B78B07C0053BB88 /* AppDelegate.m */,
				6180A3D31B78B07C0053BB88 /* LaunchScreen.xib */,
				6180A3D41B78B07C0053BB88 /* Main.storyboard */,
				6180A3D51B78B07C0053BB88 /* Models */,
				6180A3D91B78B07C0053BB88 /* ViewControllers */,
			);
			path = Classes;
			sourceTree = "<group>";
		};
		6180A3D51B78B07C0053BB88 /* Models */ = {
			isa = PBXGroup;
			children = (
				6180A3D61B78B07C0053BB88 /* ViewModels */,
			);
			path = Models;
			sourceTree = "<group>";
		};
		6180A3D61B78B07C0053BB88 /* ViewModels */ = {
			isa = PBXGroup;
			children = (
				6180A3D71B78B07C0053BB88 /* MKPaginationTableViewModel.h */,
				6180A3D81B78B07C0053BB88 /* MKPaginationTableViewModel.m */,
			);
			path = ViewModels;
			sourceTree = "<group>";
		};
		6180A3D91B78B07C0053BB88 /* ViewControllers */ = {
			isa = PBXGroup;
			children = (
				6180A3DA1B78B07C0053BB88 /* MKPaginationTableViewController.h */,
				6180A3DB1B78B07C0053BB88 /* MKPaginationTableViewController.m */,
			);
			path = ViewControllers;
			sourceTree = "<group>";
		};
		6180A3DD1B78B07C0053BB88 /* Resources */ = {
			isa = PBXGroup;
			children = (
				6180A3DE1B78B07C0053BB88 /* Images.xcassets */,
			);
			path = Resources;
			sourceTree = "<group>";
		};
		6180A3DF1B78B07C0053BB88 /* SupportingFiles */ = {
			isa = PBXGroup;
			children = (
				6180A3E01B78B07C0053BB88 /* Info.plist */,
			);
			path = SupportingFiles;
			sourceTree = "<group>";
		};
		61BD0BD61A30DBCC008B5EC2 = {
			isa = PBXGroup;
			children = (
				61BD0BE11A30DBCC008B5EC2 /* MKPaginationTableViewDemo */,
				61BD0BFB1A30DBCC008B5EC2 /* MKPaginationTableViewDemoTests */,
				61BD0BE01A30DBCC008B5EC2 /* Products */,
			);
			sourceTree = "<group>";
		};
		61BD0BE01A30DBCC008B5EC2 /* Products */ = {
			isa = PBXGroup;
			children = (
				61BD0BDF1A30DBCC008B5EC2 /* MKPaginationTableViewDemo.app */,
				61BD0BF81A30DBCC008B5EC2 /* MKPaginationTableViewDemoTests.xctest */,
			);
			name = Products;
			sourceTree = "<group>";
		};
		61BD0BE11A30DBCC008B5EC2 /* MKPaginationTableViewDemo */ = {
			isa = PBXGroup;
			children = (
				6180A3D01B78B07C0053BB88 /* Classes */,
				6180A3DC1B78B07C0053BB88 /* main.m */,
				6180A3DD1B78B07C0053BB88 /* Resources */,
				6180A3DF1B78B07C0053BB88 /* SupportingFiles */,
			);
			path = MKPaginationTableViewDemo;
			sourceTree = "<group>";
		};
		61BD0BFB1A30DBCC008B5EC2 /* MKPaginationTableViewDemoTests */ = {
			isa = PBXGroup;
			children = (
				61BD0BFE1A30DBCC008B5EC2 /* MKPaginationTableViewDemoTests.m */,
				61BD0BFC1A30DBCC008B5EC2 /* Supporting Files */,
				321FA4E8534FF161A4B94B1B /* MKPaginationTableViewModelTests.m */,
			);
			path = MKPaginationTableViewDemoTests;
			sourceTree = "<group>";
		};
		61BD0BFC1A30DBCC008B5EC2 /* Supporting Files */ = {
			isa = PBXGroup;
			children = (
				61BD0BFD1A30DBCC008B5EC2 /* Info.plist */,
			);
			name = "Supporting Files";
			sourceTree = "<group>";
		};
/* End PBXGroup section */

/* Begin PBXNativeTarget section */
		61BD0BDE1A30DBCC008B5EC2 /* MKPaginationTableViewDemo */ = {
			isa = PBXNativeTarget;
			buildConfigurationList = 61BD0C021A30DBCC008B5EC2 /* Build configuration list for PBXNativeTarget "MKPaginationTableViewDemo" */;
			buildPhases = (
				61BD0BDB1A30DBCC008B5EC2 /* Sources */,
				61BD0BDC1A30DBCC008B5EC2 /* Frameworks */,
				61BD0BDD1A30DBCC008B5EC2 /* Resources */,
			);
			buildRules = (
			);
			dependencies = (
			);
			name = MKPaginationTableViewDemo;
			productName = MKPaginationTableViewDemo;
			productReference = 61BD0BDF1A30DBCC008B5EC2 /* MKPaginationTableViewDemo.app */;
			productType = "com.apple.product-type.application";
		};
		61BD0BF71A30DBCC008B5EC2 /* MKPaginationTableViewDemoTests */ = {
			isa = PBXNativeTarget;
			buildConfigurationList = 61BD0C051A30DBCC008B5EC2 /* Build configuration list for PBXNativeTarget "MKPaginationTableViewDemoTests" */;
			buildPhases = (
				61BD0BF41A30DBCC008B5EC2 /* Sources */,
				61BD0BF51A30DBCC008B5EC2 /* Frameworks */,
				61BD0BF61A30DBCC008B5EC2 /* Resources */,
			);
			buildRules = (
			);
			dependencies = (
				61BD0BFA1A30DBCC008B5EC2 /* PBXTargetDependency */,
			);
			name = MKPaginationTableViewDemoTests;
			productName = MKPaginationTableViewDemoTests;
			productReference = 61BD0BF81A30DBCC008B5EC2 /* MKPaginationTableViewDemoTests.xctest */;
			productType = "com.apple.product-type.bundle.unit-test";
		};
/* End PBXNativeTarget section */

/* Begin PBXProject section */
		61BD0BD71A30DBCC008B5EC2 /* Project object */ = {
			isa = PBXProject;
			attributes = {
				LastUpgradeCheck = 0620;
				ORGANIZATIONNAME = "Mateusz Kuznik";
				TargetAttributes = {
					61BD0BDE1A30DBCC008B5EC2 = {
						CreatedOnToolsVersion = 6.2;
					};
					61BD0BF71A30DBCC008B5EC2 = {
						CreatedOnToolsVersion = 6.2;
						TestTargetID = 61BD0BDE1A30DBCC008B5EC2;
					};
				};
			};
			buildConfigurationList = 61BD0BDA1A30DBCC008B5EC2 /* Build configuration list for PBXProject "MKPaginationTableViewDemo" */;
			compatibilityVersion = "Xcode 3.2";
			developmentRegion = English;
			hasScannedForEncodings = 0;
			knownRegions = (
				en,
				Base,
			);
			mainGroup = 61BD0BD61A30DBCC008B5EC2;
			productRefGroup = 61BD0BE01A30DBCC008B5EC2 /* Products */;
			projectDirPath = "";
			projectRoot = "";
			targets = (
				61BD0BDE1A30DBCC008B5EC2 /* MKPaginationTableViewDemo */,
				61BD0BF71A30DBCC008B5EC2 /* MKPaginationTableViewDemoTests */,
			);
		};
/* End PBXProject section */

/* Begin PBXResourcesBuildPhase section */
		61BD0BDD1A30DBCC008B5EC2 /* Resources */ = {
			isa = PBXResourcesBuildPhase;
			buildActionMask = 2147483647;
			files = (
				6180A3E81B78B07C0053BB88 /* Info.plist in Resources */,
				6180A3E71B78B07C0053BB88 /* Images.xcassets in Resources */,
				6180A3E21B78B07C0053BB88 /* LaunchScreen.xib in Resources */,
				6180A3E31B78B07C0053BB88 /* Main.storyboard in Resources */,
			);
			runOnlyForDeploymentPostprocessing = 0;
		};
		61BD0BF61A30DBCC008B5EC2 /* Resources */ = {
			isa = PBXResourcesBuildPhase;
			buildActionMask = 2147483647;
			files = (
			);
			runOnlyForDeploymentPostprocessing = 0;
		};
/* End PBXResourcesBuildPhase section */

/* Begin PBXSourcesBuildPhase section */
		61BD0BDB1A30DBCC008B5EC2 /* Sources */ = {
			isa = PBXSourcesBuildPhase;
			buildActionMask = 2147483647;
			files = (
				6180A3E11B78B07C0053BB88 /* AppDelegate.m in Sources */,
				6180A3E41B78B07C0053BB88 /* MKPaginationTableViewModel.m in Sources */,
				6180A3E61B78B07C0053BB88 /* main.m in Sources */,
				6180A3E51B78B07C0053BB88 /* MKPaginationTableViewController.m in Sources */,
			);
			runOnlyForDeploymentPostprocessing = 0;
		};
		61BD0BF41A30DBCC008B5EC2 /* Sources */ = {
			isa = PBXSourcesBuildPhase;
			buildActionMask = 2147483647;
			files = (
				61BD0BFF1A30DBCC008B5EC2 /* MKPaginationTableViewDemoTests.m in Sources */,
				321FA3CD633D977A4A323974 /* MKPaginationTableViewModelTests.m in Sources */,
			);
			runOnlyForDeploymentPostprocessing = 0;
		};
/* End PBXSourcesBuildPhase section */

/* Begin PBXTargetDependency section */
		61BD0BFA1A30DBCC008B5EC2 /* PBXTargetDependency */ = {
			isa = PBXTargetDependency;
			target = 61BD0BDE1A30DBCC008B5EC2 /* MKPaginationTableViewDemo */;
			targetProxy = 61BD0BF91A30DBCC008B5EC2 /* PBXContainerItemProxy */;
		};
/* End PBXTargetDependency section */

/* Begin XCBuildConfiguration section */
		61BD0C001A30DBCC008B5EC2 /* Debug */ = {
			isa = XCBuildConfiguration;
			buildSettings = {
				ALWAYS_SEARCH_USER_PATHS = NO;
				CLANG_CXX_LANGUAGE_STANDARD = "gnu++0x";
				CLANG_CXX_LIBRARY = "libc++";
				CLANG_ENABLE_MODULES = YES;
				CLANG_ENABLE_OBJC_ARC = YES;
				CLANG_WARN_BOOL_CONVERSION = YES;
				CLANG_WARN_CONSTANT_CONVERSION = YES;
				CLANG_WARN_DIRECT_OBJC_ISA_USAGE = YES_ERROR;
				CLANG_WARN_EMPTY_BODY = YES;
				CLANG_WARN_ENUM_CONVERSION = YES;
				CLANG_WARN_INT_CONVERSION = YES;
				CLANG_WARN_OBJC_ROOT_CLASS = YES_ERROR;
				CLANG_WARN_UNREACHABLE_CODE = YES;
				CLANG_WARN__DUPLICATE_METHOD_MATCH = YES;
				"CODE_SIGN_IDENTITY[sdk=iphoneos*]" = "iPhone Developer";
				COPY_PHASE_STRIP = NO;
				ENABLE_STRICT_OBJC_MSGSEND = YES;
				GCC_C_LANGUAGE_STANDARD = gnu99;
				GCC_DYNAMIC_NO_PIC = NO;
				GCC_OPTIMIZATION_LEVEL = 0;
				GCC_PREPROCESSOR_DEFINITIONS = (
					"DEBUG=1",
					"$(inherited)",
				);
				GCC_SYMBOLS_PRIVATE_EXTERN = NO;
				GCC_WARN_64_TO_32_BIT_CONVERSION = YES;
				GCC_WARN_ABOUT_RETURN_TYPE = YES_ERROR;
				GCC_WARN_UNDECLARED_SELECTOR = YES;
				GCC_WARN_UNINITIALIZED_AUTOS = YES_AGGRESSIVE;
				GCC_WARN_UNUSED_FUNCTION = YES;
				GCC_WARN_UNUSED_VARIABLE = YES;
				IPHONEOS_DEPLOYMENT_TARGET = 8.1;
				MTL_ENABLE_DEBUG_INFO = YES;
				ONLY_ACTIVE_ARCH = YES;
				SDKROOT = iphoneos;
			};
			name = Debug;
		};
		61BD0C011A30DBCC008B5EC2 /* Release */ = {
			isa = XCBuildConfiguration;
			buildSettings = {
				ALWAYS_SEARCH_USER_PATHS = NO;
				CLANG_CXX_LANGUAGE_STANDARD = "gnu++0x";
				CLANG_CXX_LIBRARY = "libc++";
				CLANG_ENABLE_MODULES = YES;
				CLANG_ENABLE_OBJC_ARC = YES;
				CLANG_WARN_BOOL_CONVERSION = YES;
				CLANG_WARN_CONSTANT_CONVERSION = YES;
				CLANG_WARN_DIRECT_OBJC_ISA_USAGE = YES_ERROR;
				CLANG_WARN_EMPTY_BODY = YES;
				CLANG_WARN_ENUM_CONVERSION = YES;
				CLANG_WARN_INT_CONVERSION = YES;
				CLANG_WARN_OBJC_ROOT_CLASS = YES_ERROR;
				CLANG_WARN_UNREACHABLE_CODE = YES;
				CLANG_WARN__DUPLICATE_METHOD_MATCH = YES;
				"CODE_SIGN_IDENTITY[sdk=iphoneos*]" = "iPhone Developer";
				COPY_PHASE_STRIP = YES;
				ENABLE_NS_ASSERTIONS = NO;
				ENABLE_STRICT_OBJC_MSGSEND = YES;
				GCC_C_LANGUAGE_STANDARD = gnu99;
				GCC_WARN_64_TO_32_BIT_CONVERSION = YES;
				GCC_WARN_ABOUT_RETURN_TYPE = YES_ERROR;
				GCC_WARN_UNDECLARED_SELECTOR = YES;
				GCC_WARN_UNINITIALIZED_AUTOS = YES_AGGRESSIVE;
				GCC_WARN_UNUSED_FUNCTION = YES;
				GCC_WARN_UNUSED_VARIABLE = YES;
				IPHONEOS_DEPLOYMENT_TARGET = 8.1;
				MTL_ENABLE_DEBUG_INFO = NO;
				SDKROOT = iphoneos;
				VALIDATE_PRODUCT = YES;
			};
			name = Release;
		};
		61BD0C031A30DBCC008B5EC2 /* Debug */ = {
			isa = XCBuildConfiguration;
			buildSettings = {
				ASSETCATALOG_COMPILER_APPICON_NAME = AppIcon;
				INFOPLIST_FILE = "$(SRCROOT)/MKPaginationTableViewDemo/SupportingFiles/Info.plist";
				IPHONEOS_DEPLOYMENT_TARGET = 8.1;
				LD_RUNPATH_SEARCH_PATHS = "$(inherited) @executable_path/Frameworks";
				PRODUCT_NAME = "$(TARGET_NAME)";
			};
			name = Debug;
		};
		61BD0C041A30DBCC008B5EC2 /* Release */ = {
			isa = XCBuildConfiguration;
			buildSettings = {
				ASSETCATALOG_COMPILER_APPICON_NAME = AppIcon;
				INFOPLIST_FILE = "$(SRCROOT)/MKPaginationTableViewDemo/SupportingFiles/Info.plist";
				IPHONEOS_DEPLOYMENT_TARGET = 8.1;
				LD_RUNPATH_SEARCH_PATHS = "$(inherited) @executable_path/Frameworks";
				PRODUCT_NAME = "$(TARGET_NAME)";
			};
			name = Release;
		};
		61BD0C061A30DBCC008B5EC2 /* Debug */ = {
			isa = XCBuildConfiguration;
			buildSettings = {
				BUNDLE_LOADER = "$(TEST_HOST)";
				FRAMEWORK_SEARCH_PATHS = (
					"$(SDKROOT)/Developer/Library/Frameworks",
					"$(inherited)",
				);
				GCC_PREPROCESSOR_DEFINITIONS = (
					"DEBUG=1",
					"$(inherited)",
				);
				INFOPLIST_FILE = MKPaginationTableViewDemoTests/Info.plist;
				LD_RUNPATH_SEARCH_PATHS = "$(inherited) @executable_path/Frameworks @loader_path/Frameworks";
				PRODUCT_NAME = "$(TARGET_NAME)";
				TEST_HOST = "$(BUILT_PRODUCTS_DIR)/MKPaginationTableViewDemo.app/MKPaginationTableViewDemo";
			};
			name = Debug;
		};
		61BD0C071A30DBCC008B5EC2 /* Release */ = {
			isa = XCBuildConfiguration;
			buildSettings = {
				BUNDLE_LOADER = "$(TEST_HOST)";
				FRAMEWORK_SEARCH_PATHS = (
					"$(SDKROOT)/Developer/Library/Frameworks",
					"$(inherited)",
				);
				INFOPLIST_FILE = MKPaginationTableViewDemoTests/Info.plist;
				LD_RUNPATH_SEARCH_PATHS = "$(inherited) @executable_path/Frameworks @loader_path/Frameworks";
				PRODUCT_NAME = "$(TARGET_NAME)";
				TEST_HOST = "$(BUILT_PRODUCTS_DIR)/MKPaginationTableViewDemo.app/MKPaginationTableViewDemo";
			};
			name = Release;
		};
/* End XCBuildConfiguration section */

/* Begin XCConfigurationList section */
		61BD0BDA1A30DBCC008B5EC2 /* Build configuration list for PBXProject "MKPaginationTableViewDemo" */ = {
			isa = XCConfigurationList;
			buildConfigurations = (
				61BD0C001A30DBCC008B5EC2 /* Debug */,
				61BD0C011A30DBCC008B5EC2 /* Release */,
			);
			defaultConfigurationIsVisible = 0;
			defaultConfigurationName = Release;
		};
		61BD0C021A30DBCC008B5EC2 /* Build configuration list for PBXNativeTarget "MKPaginationTableViewDemo" */ = {
			isa = XCConfigurationList;
			buildConfigurations = (
				61BD0C031A30DBCC008B5EC2 /* Debug */,
				61BD0C041A30DBCC008B5EC2 /* Release */,
			);
			defaultConfigurationIsVisible = 0;
			defaultConfigurationName = Release;
		};
		61BD0C051A30DBCC008B5EC2 /* Build configuration list for PBXNativeTarget "MKPaginationTableViewDemoTests" */ = {
			isa = XCConfigurationList;
			buildConfigurations = (
				61BD0C061A30DBCC008B5EC2 /* Debug */,
				61BD0C071A30DBCC008B5EC2 /* Release */,
			);
			defaultConfigurationIsVisible = 0;
			defaultConfigurationName = Release;
		};
/* End XCConfigurationList section */
	};
	rootObject = 61BD0BD71A30DBCC008B5EC2 /* Project object */;
}
